
Microsoft Visual Studio Solution File, Format Version 12.00
# Visual Studio Version 17
VisualStudioVersion = 17.11.35327.3
MinimumVisualStudioVersion = 10.0.40219.1
Project("{FAE04EC0-301F-11D3-BF4B-00C04F79EFBC}") = "DNFtranslate", "DNFtranslate\DNFtranslate.csproj", "{804D8568-CB49-47A0-B825-555A02B37FF0}"
EndProject
Global
	GlobalSection(SolutionConfigurationPlatforms) = preSolution
		Debug|Any CPU = Debug|Any CPU
		Release|Any CPU = Release|Any CPU
	EndGlobalSection
	GlobalSection(ProjectConfigurationPlatforms) = postSolution
		{804D8568-CB49-47A0-B825-555A02B37FF0}.Debug|Any CPU.ActiveCfg = Debug|Any CPU
		{804D8568-CB49-47A0-B825-555A02B37FF0}.Debug|Any CPU.Build.0 = Debug|Any CPU
		{804D8568-CB49-47A0-B825-555A02B37FF0}.Release|Any CPU.ActiveCfg = Release|Any CPU
		{804D8568-CB49-47A0-B825-555A02B37FF0}.Release|Any CPU.Build.0 = Release|Any CPU
	EndGlobalSection
	GlobalSection(SolutionProperties) = preSolution
		HideSolutionNode = FALSE
	EndGlobalSection
	GlobalSection(ExtensibilityGlobals) = postSolution
		SolutionGuid = {094CFF54-FD6A-4690-9811-ECAF5DCCB85E}
	EndGlobalSection
EndGlobal
